
Microsoft Visual Studio Solution File, Format Version 12.00
# Visual Studio 15
VisualStudioVersion = 15.0.26730.16
MinimumVisualStudioVersion = 10.0.40219.1
Project("{2150E333-8FDC-42A3-9474-1A3956D46DE8}") = "src", "src", "{69F9F37B-8FCD-436E-9185-CBF7B0CBB472}"
EndProject
Project("{FAE04EC0-301F-11D3-BF4B-00C04F79EFBC}") = "Asd.Domain", "src\Asd.Domain\Asd.Domain.csproj", "{7F5DF24B-9FAA-4502-9109-7D808B10F776}"
EndProject
Global
	GlobalSection(SolutionConfigurationPlatforms) = preSolution
		Debug|Any CPU = Debug|Any CPU
		Release|Any CPU = Release|Any CPU
	EndGlobalSection
	GlobalSection(ProjectConfigurationPlatforms) = postSolution
		{7F5DF24B-9FAA-4502-9109-7D808B10F776}.Debug|Any CPU.ActiveCfg = Debug|Any CPU
		{7F5DF24B-9FAA-4502-9109-7D808B10F776}.Debug|Any CPU.Build.0 = Debug|Any CPU
		{7F5DF24B-9FAA-4502-9109-7D808B10F776}.Release|Any CPU.ActiveCfg = Release|Any CPU
		{7F5DF24B-9FAA-4502-9109-7D808B10F776}.Release|Any CPU.Build.0 = Release|Any CPU
	EndGlobalSection
	GlobalSection(SolutionProperties) = preSolution
		HideSolutionNode = FALSE
	EndGlobalSection
	GlobalSection(NestedProjects) = preSolution
		{7F5DF24B-9FAA-4502-9109-7D808B10F776} = {69F9F37B-8FCD-436E-9185-CBF7B0CBB472}
	EndGlobalSection
	GlobalSection(ExtensibilityGlobals) = postSolution
		SolutionGuid = {C3F72A37-1DD9-4CE1-9D8A-1C2E858E56DE}
	EndGlobalSection
EndGlobal
